
Microsoft Visual Studio Solution File, Format Version 12.00
# Visual Studio Version 17
VisualStudioVersion = 17.5.33414.496
MinimumVisualStudioVersion = 10.0.40219.1
Project("{9A19103F-16F7-4668-BE54-9A1E7A4F7556}") = "SchoolProjecte", "SochoolProjecte\SchoolProjecte.csproj", "{45483196-6EE3-4880-A445-6FED028EF1D8}"
EndProject
Project("{2150E333-8FDC-42A3-9474-1A3956D46DE8}") = "src", "src", "{A08CDB4E-D802-4325-B532-4A455F551FD6}"
EndProject
Project("{2150E333-8FDC-42A3-9474-1A3956D46DE8}") = "SchoolProject", "SchoolProject", "{C64A2773-0AB2-4956-97FA-2808E06B5329}"
EndProject
Project("{2150E333-8FDC-42A3-9474-1A3956D46DE8}") = "Infrastructure", "Infrastructure", "{13BB7A4D-4534-4E8D-8D73-4A5C5A667E51}"
EndProject
Project("{2150E333-8FDC-42A3-9474-1A3956D46DE8}") = "Core", "Core", "{165F94FD-2F06-4F70-888A-809536A90748}"
EndProject
Project("{2150E333-8FDC-42A3-9474-1A3956D46DE8}") = "Presentation", "Presentation", "{6578E9AA-8FD0-460B-BAF5-B74C446CCA01}"
EndProject
Project("{2150E333-8FDC-42A3-9474-1A3956D46DE8}") = "coreLibraries", "coreLibraries", "{124C10AC-7425-49D9-9872-698161320256}"
EndProject
Project("{FAE04EC0-301F-11D3-BF4B-00C04F79EFBC}") = "School.Application", "School.Application\School.Application.csproj", "{06E420B9-5351-479D-BC6A-5C077B10FEEE}"
EndProject
Project("{FAE04EC0-301F-11D3-BF4B-00C04F79EFBC}") = "School.Domain", "School.Domain\School.Domain.csproj", "{6B195749-9F02-49DA-B684-CC236AA6E43D}"
EndProject
Project("{FAE04EC0-301F-11D3-BF4B-00C04F79EFBC}") = "Core.Persistence", "Core.Persistence\Core.Persistence.csproj", "{B8A32679-CF34-4A19-BA48-DE177F88E85F}"
EndProject
Project("{FAE04EC0-301F-11D3-BF4B-00C04F79EFBC}") = "School.Persistence", "School.Persistence\School.Persistence.csproj", "{2E11D14C-4339-4828-90F1-E6FE8844A4ED}"
EndProject
Project("{FAE04EC0-301F-11D3-BF4B-00C04F79EFBC}") = "Core.Application", "Core.Application\Core.Application.csproj", "{84AAB4B0-EDE0-4E82-A7BD-4D512C6AE027}"
EndProject
Global
	GlobalSection(SolutionConfigurationPlatforms) = preSolution
		Debug|Any CPU = Debug|Any CPU
		Release|Any CPU = Release|Any CPU
	EndGlobalSection
	GlobalSection(ProjectConfigurationPlatforms) = postSolution
		{45483196-6EE3-4880-A445-6FED028EF1D8}.Debug|Any CPU.ActiveCfg = Debug|Any CPU
		{45483196-6EE3-4880-A445-6FED028EF1D8}.Debug|Any CPU.Build.0 = Debug|Any CPU
		{45483196-6EE3-4880-A445-6FED028EF1D8}.Release|Any CPU.ActiveCfg = Release|Any CPU
		{45483196-6EE3-4880-A445-6FED028EF1D8}.Release|Any CPU.Build.0 = Release|Any CPU
		{06E420B9-5351-479D-BC6A-5C077B10FEEE}.Debug|Any CPU.ActiveCfg = Debug|Any CPU
		{06E420B9-5351-479D-BC6A-5C077B10FEEE}.Debug|Any CPU.Build.0 = Debug|Any CPU
		{06E420B9-5351-479D-BC6A-5C077B10FEEE}.Release|Any CPU.ActiveCfg = Release|Any CPU
		{06E420B9-5351-479D-BC6A-5C077B10FEEE}.Release|Any CPU.Build.0 = Release|Any CPU
		{6B195749-9F02-49DA-B684-CC236AA6E43D}.Debug|Any CPU.ActiveCfg = Debug|Any CPU
		{6B195749-9F02-49DA-B684-CC236AA6E43D}.Debug|Any CPU.Build.0 = Debug|Any CPU
		{6B195749-9F02-49DA-B684-CC236AA6E43D}.Release|Any CPU.ActiveCfg = Release|Any CPU
		{6B195749-9F02-49DA-B684-CC236AA6E43D}.Release|Any CPU.Build.0 = Release|Any CPU
		{B8A32679-CF34-4A19-BA48-DE177F88E85F}.Debug|Any CPU.ActiveCfg = Debug|Any CPU
		{B8A32679-CF34-4A19-BA48-DE177F88E85F}.Debug|Any CPU.Build.0 = Debug|Any CPU
		{B8A32679-CF34-4A19-BA48-DE177F88E85F}.Release|Any CPU.ActiveCfg = Release|Any CPU
		{B8A32679-CF34-4A19-BA48-DE177F88E85F}.Release|Any CPU.Build.0 = Release|Any CPU
		{2E11D14C-4339-4828-90F1-E6FE8844A4ED}.Debug|Any CPU.ActiveCfg = Debug|Any CPU
		{2E11D14C-4339-4828-90F1-E6FE8844A4ED}.Debug|Any CPU.Build.0 = Debug|Any CPU
		{2E11D14C-4339-4828-90F1-E6FE8844A4ED}.Release|Any CPU.ActiveCfg = Release|Any CPU
		{2E11D14C-4339-4828-90F1-E6FE8844A4ED}.Release|Any CPU.Build.0 = Release|Any CPU
		{84AAB4B0-EDE0-4E82-A7BD-4D512C6AE027}.Debug|Any CPU.ActiveCfg = Debug|Any CPU
		{84AAB4B0-EDE0-4E82-A7BD-4D512C6AE027}.Debug|Any CPU.Build.0 = Debug|Any CPU
		{84AAB4B0-EDE0-4E82-A7BD-4D512C6AE027}.Release|Any CPU.ActiveCfg = Release|Any CPU
		{84AAB4B0-EDE0-4E82-A7BD-4D512C6AE027}.Release|Any CPU.Build.0 = Release|Any CPU
	EndGlobalSection
	GlobalSection(SolutionProperties) = preSolution
		HideSolutionNode = FALSE
	EndGlobalSection
	GlobalSection(NestedProjects) = preSolution
		{45483196-6EE3-4880-A445-6FED028EF1D8} = {6578E9AA-8FD0-460B-BAF5-B74C446CCA01}
		{C64A2773-0AB2-4956-97FA-2808E06B5329} = {A08CDB4E-D802-4325-B532-4A455F551FD6}
		{13BB7A4D-4534-4E8D-8D73-4A5C5A667E51} = {C64A2773-0AB2-4956-97FA-2808E06B5329}
		{165F94FD-2F06-4F70-888A-809536A90748} = {C64A2773-0AB2-4956-97FA-2808E06B5329}
		{6578E9AA-8FD0-460B-BAF5-B74C446CCA01} = {C64A2773-0AB2-4956-97FA-2808E06B5329}
		{124C10AC-7425-49D9-9872-698161320256} = {C64A2773-0AB2-4956-97FA-2808E06B5329}
		{06E420B9-5351-479D-BC6A-5C077B10FEEE} = {165F94FD-2F06-4F70-888A-809536A90748}
		{6B195749-9F02-49DA-B684-CC236AA6E43D} = {165F94FD-2F06-4F70-888A-809536A90748}
		{B8A32679-CF34-4A19-BA48-DE177F88E85F} = {124C10AC-7425-49D9-9872-698161320256}
		{2E11D14C-4339-4828-90F1-E6FE8844A4ED} = {13BB7A4D-4534-4E8D-8D73-4A5C5A667E51}
		{84AAB4B0-EDE0-4E82-A7BD-4D512C6AE027} = {124C10AC-7425-49D9-9872-698161320256}
	EndGlobalSection
	GlobalSection(ExtensibilityGlobals) = postSolution
		SolutionGuid = {50C7D362-B98A-44E5-A547-6A329723AF2E}
	EndGlobalSection
EndGlobal
